
Microsoft Visual Studio Solution File, Format Version 12.00
# Visual Studio Version 17
VisualStudioVersion = 17.5.33516.290
MinimumVisualStudioVersion = 10.0.40219.1
Project("{FAE04EC0-301F-11D3-BF4B-00C04F79EFBC}") = "SortArrayLibrary", "SortArrayLibrary.csproj", "{338F1BE6-53BE-4C95-BE81-F5989825996A}"
EndProject
Global
	GlobalSection(SolutionConfigurationPlatforms) = preSolution
		Debug|Any CPU = Debug|Any CPU
		Release|Any CPU = Release|Any CPU
	EndGlobalSection
	GlobalSection(ProjectConfigurationPlatforms) = postSolution
		{338F1BE6-53BE-4C95-BE81-F5989825996A}.Debug|Any CPU.ActiveCfg = Debug|Any CPU
		{338F1BE6-53BE-4C95-BE81-F5989825996A}.Debug|Any CPU.Build.0 = Debug|Any CPU
		{338F1BE6-53BE-4C95-BE81-F5989825996A}.Release|Any CPU.ActiveCfg = Release|Any CPU
		{338F1BE6-53BE-4C95-BE81-F5989825996A}.Release|Any CPU.Build.0 = Release|Any CPU
	EndGlobalSection
	GlobalSection(SolutionProperties) = preSolution
		HideSolutionNode = FALSE
	EndGlobalSection
	GlobalSection(ExtensibilityGlobals) = postSolution
		SolutionGuid = {38F5F81A-A4FA-4880-A86D-9B2F260F6099}
	EndGlobalSection
EndGlobal
